// !$*UTF8*$!
{
	archiveVersion = 1;
	classes = {
	};
	objectVersion = 51;
	objects = {

/* Begin PBXBuildFile section */
		14C9B0AA9958FBE5B5767486 /* Pods_ParstagramTests.framework in Frameworks */ = {isa = PBXBuildFile; fileRef = 21565B3859B4E75DFEB38167 /* Pods_ParstagramTests.framework */; };
		94BA8F507899913C7AD62151 /* Pods_Parstagram_ParstagramUITests.framework in Frameworks */ = {isa = PBXBuildFile; fileRef = 6B94204E8DAE68CF52D21FA9 /* Pods_Parstagram_ParstagramUITests.framework */; };
		BBB3680982588BA2E6C64323 /* Pods_Parstagram.framework in Frameworks */ = {isa = PBXBuildFile; fileRef = 3D36C9D736FEE77D9B0D1D68 /* Pods_Parstagram.framework */; };
		C1187E842610280E0043840E /* CommentCell.swift in Sources */ = {isa = PBXBuildFile; fileRef = C1187E832610280E0043840E /* CommentCell.swift */; };
		C13C614625FD627900B87218 /* AppDelegate.swift in Sources */ = {isa = PBXBuildFile; fileRef = C13C614525FD627900B87218 /* AppDelegate.swift */; };
		C13C614825FD627900B87218 /* SceneDelegate.swift in Sources */ = {isa = PBXBuildFile; fileRef = C13C614725FD627900B87218 /* SceneDelegate.swift */; };
		C13C614D25FD627900B87218 /* Main.storyboard in Resources */ = {isa = PBXBuildFile; fileRef = C13C614B25FD627900B87218 /* Main.storyboard */; };
		C13C614F25FD627B00B87218 /* Assets.xcassets in Resources */ = {isa = PBXBuildFile; fileRef = C13C614E25FD627B00B87218 /* Assets.xcassets */; };
		C13C615225FD627B00B87218 /* LaunchScreen.storyboard in Resources */ = {isa = PBXBuildFile; fileRef = C13C615025FD627B00B87218 /* LaunchScreen.storyboard */; };
		C13C615D25FD627C00B87218 /* ParstagramTests.swift in Sources */ = {isa = PBXBuildFile; fileRef = C13C615C25FD627C00B87218 /* ParstagramTests.swift */; };
		C13C616825FD627C00B87218 /* ParstagramUITests.swift in Sources */ = {isa = PBXBuildFile; fileRef = C13C616725FD627C00B87218 /* ParstagramUITests.swift */; };
		C13C618525FD68E900B87218 /* LoginViewController.swift in Sources */ = {isa = PBXBuildFile; fileRef = C13C618425FD68E900B87218 /* LoginViewController.swift */; };
		C13C618A25FD690400B87218 /* FeedViewController.swift in Sources */ = {isa = PBXBuildFile; fileRef = C13C618925FD690400B87218 /* FeedViewController.swift */; };
		C1850B412603DAAD00CADD50 /* PostCell.swift in Sources */ = {isa = PBXBuildFile; fileRef = C1850B402603DAAD00CADD50 /* PostCell.swift */; };
		C19C9DC62602B68300101171 /* CameraViewController.swift in Sources */ = {isa = PBXBuildFile; fileRef = C19C9DC52602B68300101171 /* CameraViewController.swift */; };
/* End PBXBuildFile section */

/* Begin PBXContainerItemProxy section */
		C13C615925FD627C00B87218 /* PBXContainerItemProxy */ = {
			isa = PBXContainerItemProxy;
			containerPortal = C13C613A25FD627900B87218 /* Project object */;
			proxyType = 1;
			remoteGlobalIDString = C13C614125FD627900B87218;
			remoteInfo = Parstagram;
		};
		C13C616425FD627C00B87218 /* PBXContainerItemProxy */ = {
			isa = PBXContainerItemProxy;
			containerPortal = C13C613A25FD627900B87218 /* Project object */;
			proxyType = 1;
			remoteGlobalIDString = C13C614125FD627900B87218;
			remoteInfo = Parstagram;
		};
/* End PBXContainerItemProxy section */

/* Begin PBXFileReference section */
		21565B3859B4E75DFEB38167 /* Pods_ParstagramTests.framework */ = {isa = PBXFileReference; explicitFileType = wrapper.framework; includeInIndex = 0; path = Pods_ParstagramTests.framework; sourceTree = BUILT_PRODUCTS_DIR; };
		3D36C9D736FEE77D9B0D1D68 /* Pods_Parstagram.framework */ = {isa = PBXFileReference; explicitFileType = wrapper.framework; includeInIndex = 0; path = Pods_Parstagram.framework; sourceTree = BUILT_PRODUCTS_DIR; };
		6B94204E8DAE68CF52D21FA9 /* Pods_Parstagram_ParstagramUITests.framework */ = {isa = PBXFileReference; explicitFileType = wrapper.framework; includeInIndex = 0; path = Pods_Parstagram_ParstagramUITests.framework; sourceTree = BUILT_PRODUCTS_DIR; };
		83F9A90CE7C1C377EA751EEE /* Pods-ParstagramTests.release.xcconfig */ = {isa = PBXFileReference; includeInIndex = 1; lastKnownFileType = text.xcconfig; name = "Pods-ParstagramTests.release.xcconfig"; path = "Target Support Files/Pods-ParstagramTests/Pods-ParstagramTests.release.xcconfig"; sourceTree = "<group>"; };
		8454EC27A7A8E764229C25AD /* Pods-Parstagram-ParstagramUITests.debug.xcconfig */ = {isa = PBXFileReference; includeInIndex = 1; lastKnownFileType = text.xcconfig; name = "Pods-Parstagram-ParstagramUITests.debug.xcconfig"; path = "Target Support Files/Pods-Parstagram-ParstagramUITests/Pods-Parstagram-ParstagramUITests.debug.xcconfig"; sourceTree = "<group>"; };
		A0CB8806A4CA3B1E6F1BA03A /* Pods-ParstagramTests.debug.xcconfig */ = {isa = PBXFileReference; includeInIndex = 1; lastKnownFileType = text.xcconfig; name = "Pods-ParstagramTests.debug.xcconfig"; path = "Target Support Files/Pods-ParstagramTests/Pods-ParstagramTests.debug.xcconfig"; sourceTree = "<group>"; };
		A38F4A9F935FEFCCC863F1FC /* Pods-Parstagram.release.xcconfig */ = {isa = PBXFileReference; includeInIndex = 1; lastKnownFileType = text.xcconfig; name = "Pods-Parstagram.release.xcconfig"; path = "Target Support Files/Pods-Parstagram/Pods-Parstagram.release.xcconfig"; sourceTree = "<group>"; };
		C1187E832610280E0043840E /* CommentCell.swift */ = {isa = PBXFileReference; lastKnownFileType = sourcecode.swift; path = CommentCell.swift; sourceTree = "<group>"; };
		C13C614225FD627900B87218 /* Parstagram.app */ = {isa = PBXFileReference; explicitFileType = wrapper.application; includeInIndex = 0; path = Parstagram.app; sourceTree = BUILT_PRODUCTS_DIR; };
		C13C614525FD627900B87218 /* AppDelegate.swift */ = {isa = PBXFileReference; lastKnownFileType = sourcecode.swift; path = AppDelegate.swift; sourceTree = "<group>"; };
		C13C614725FD627900B87218 /* SceneDelegate.swift */ = {isa = PBXFileReference; lastKnownFileType = sourcecode.swift; path = SceneDelegate.swift; sourceTree = "<group>"; };
		C13C614C25FD627900B87218 /* Base */ = {isa = PBXFileReference; lastKnownFileType = file.storyboard; name = Base; path = Base.lproj/Main.storyboard; sourceTree = "<group>"; };
		C13C614E25FD627B00B87218 /* Assets.xcassets */ = {isa = PBXFileReference; lastKnownFileType = folder.assetcatalog; path = Assets.xcassets; sourceTree = "<group>"; };
		C13C615125FD627B00B87218 /* Base */ = {isa = PBXFileReference; lastKnownFileType = file.storyboard; name = Base; path = Base.lproj/LaunchScreen.storyboard; sourceTree = "<group>"; };
		C13C615325FD627B00B87218 /* Info.plist */ = {isa = PBXFileReference; lastKnownFileType = text.plist.xml; path = Info.plist; sourceTree = "<group>"; };
		C13C615825FD627C00B87218 /* ParstagramTests.xctest */ = {isa = PBXFileReference; explicitFileType = wrapper.cfbundle; includeInIndex = 0; path = ParstagramTests.xctest; sourceTree = BUILT_PRODUCTS_DIR; };
		C13C615C25FD627C00B87218 /* ParstagramTests.swift */ = {isa = PBXFileReference; lastKnownFileType = sourcecode.swift; path = ParstagramTests.swift; sourceTree = "<group>"; };
		C13C615E25FD627C00B87218 /* Info.plist */ = {isa = PBXFileReference; lastKnownFileType = text.plist.xml; path = Info.plist; sourceTree = "<group>"; };
		C13C616325FD627C00B87218 /* ParstagramUITests.xctest */ = {isa = PBXFileReference; explicitFileType = wrapper.cfbundle; includeInIndex = 0; path = ParstagramUITests.xctest; sourceTree = BUILT_PRODUCTS_DIR; };
		C13C616725FD627C00B87218 /* ParstagramUITests.swift */ = {isa = PBXFileReference; lastKnownFileType = sourcecode.swift; path = ParstagramUITests.swift; sourceTree = "<group>"; };
		C13C616925FD627C00B87218 /* Info.plist */ = {isa = PBXFileReference; lastKnownFileType = text.plist.xml; path = Info.plist; sourceTree = "<group>"; };
		C13C618425FD68E900B87218 /* LoginViewController.swift */ = {isa = PBXFileReference; lastKnownFileType = sourcecode.swift; path = LoginViewController.swift; sourceTree = "<group>"; };
		C13C618925FD690400B87218 /* FeedViewController.swift */ = {isa = PBXFileReference; lastKnownFileType = sourcecode.swift; path = FeedViewController.swift; sourceTree = "<group>"; wrapsLines = 0; };
		C1850B402603DAAD00CADD50 /* PostCell.swift */ = {isa = PBXFileReference; lastKnownFileType = sourcecode.swift; path = PostCell.swift; sourceTree = "<group>"; };
		C19C9DC52602B68300101171 /* CameraViewController.swift */ = {isa = PBXFileReference; lastKnownFileType = sourcecode.swift; path = CameraViewController.swift; sourceTree = "<group>"; };
		C648BEF9668C0506B6235864 /* Pods-Parstagram.debug.xcconfig */ = {isa = PBXFileReference; includeInIndex = 1; lastKnownFileType = text.xcconfig; name = "Pods-Parstagram.debug.xcconfig"; path = "Target Support Files/Pods-Parstagram/Pods-Parstagram.debug.xcconfig"; sourceTree = "<group>"; };
		DB77F532A07234C767327376 /* Pods-Parstagram-ParstagramUITests.release.xcconfig */ = {isa = PBXFileReference; includeInIndex = 1; lastKnownFileType = text.xcconfig; name = "Pods-Parstagram-ParstagramUITests.release.xcconfig"; path = "Target Support Files/Pods-Parstagram-ParstagramUITests/Pods-Parstagram-ParstagramUITests.release.xcconfig"; sourceTree = "<group>"; };
/* End PBXFileReference section */

/* Begin PBXFrameworksBuildPhase section */
		C13C613F25FD627900B87218 /* Frameworks */ = {
			isa = PBXFrameworksBuildPhase;
			buildActionMask = 2147483647;
			files = (
				BBB3680982588BA2E6C64323 /* Pods_Parstagram.framework in Frameworks */,
			);
			runOnlyForDeploymentPostprocessing = 0;
		};
		C13C615525FD627C00B87218 /* Frameworks */ = {
			isa = PBXFrameworksBuildPhase;
			buildActionMask = 2147483647;
			files = (
				14C9B0AA9958FBE5B5767486 /* Pods_ParstagramTests.framework in Frameworks */,
			);
			runOnlyForDeploymentPostprocessing = 0;
		};
		C13C616025FD627C00B87218 /* Frameworks */ = {
			isa = PBXFrameworksBuildPhase;
			buildActionMask = 2147483647;
			files = (
				94BA8F507899913C7AD62151 /* Pods_Parstagram_ParstagramUITests.framework in Frameworks */,
			);
			runOnlyForDeploymentPostprocessing = 0;
		};
/* End PBXFrameworksBuildPhase section */

/* Begin PBXGroup section */
		2BFDBD1AB5DBBB8B92D68041 /* Pods */ = {
			isa = PBXGroup;
			children = (
				C648BEF9668C0506B6235864 /* Pods-Parstagram.debug.xcconfig */,
				A38F4A9F935FEFCCC863F1FC /* Pods-Parstagram.release.xcconfig */,
				8454EC27A7A8E764229C25AD /* Pods-Parstagram-ParstagramUITests.debug.xcconfig */,
				DB77F532A07234C767327376 /* Pods-Parstagram-ParstagramUITests.release.xcconfig */,
				A0CB8806A4CA3B1E6F1BA03A /* Pods-ParstagramTests.debug.xcconfig */,
				83F9A90CE7C1C377EA751EEE /* Pods-ParstagramTests.release.xcconfig */,
			);
			path = Pods;
			sourceTree = "<group>";
		};
		86944992E5A89DF479410799 /* Frameworks */ = {
			isa = PBXGroup;
			children = (
				3D36C9D736FEE77D9B0D1D68 /* Pods_Parstagram.framework */,
				6B94204E8DAE68CF52D21FA9 /* Pods_Parstagram_ParstagramUITests.framework */,
				21565B3859B4E75DFEB38167 /* Pods_ParstagramTests.framework */,
			);
			name = Frameworks;
			sourceTree = "<group>";
		};
		C13C613925FD627900B87218 = {
			isa = PBXGroup;
			children = (
				C1187E832610280E0043840E /* CommentCell.swift */,
				C19C9DC52602B68300101171 /* CameraViewController.swift */,
				C13C614425FD627900B87218 /* Parstagram */,
				C13C615B25FD627C00B87218 /* ParstagramTests */,
				C13C616625FD627C00B87218 /* ParstagramUITests */,
				C13C614325FD627900B87218 /* Products */,
				2BFDBD1AB5DBBB8B92D68041 /* Pods */,
				86944992E5A89DF479410799 /* Frameworks */,
			);
			sourceTree = "<group>";
		};
		C13C614325FD627900B87218 /* Products */ = {
			isa = PBXGroup;
			children = (
				C13C614225FD627900B87218 /* Parstagram.app */,
				C13C615825FD627C00B87218 /* ParstagramTests.xctest */,
				C13C616325FD627C00B87218 /* ParstagramUITests.xctest */,
			);
			name = Products;
			sourceTree = "<group>";
		};
		C13C614425FD627900B87218 /* Parstagram */ = {
			isa = PBXGroup;
			children = (
				C13C614525FD627900B87218 /* AppDelegate.swift */,
				C13C614725FD627900B87218 /* SceneDelegate.swift */,
				C13C614B25FD627900B87218 /* Main.storyboard */,
				C1850B402603DAAD00CADD50 /* PostCell.swift */,
				C13C618425FD68E900B87218 /* LoginViewController.swift */,
				C13C618925FD690400B87218 /* FeedViewController.swift */,
				C13C614E25FD627B00B87218 /* Assets.xcassets */,
				C13C615025FD627B00B87218 /* LaunchScreen.storyboard */,
				C13C615325FD627B00B87218 /* Info.plist */,
			);
			path = Parstagram;
			sourceTree = "<group>";
		};
		C13C615B25FD627C00B87218 /* ParstagramTests */ = {
			isa = PBXGroup;
			children = (
				C13C615C25FD627C00B87218 /* ParstagramTests.swift */,
				C13C615E25FD627C00B87218 /* Info.plist */,
			);
			path = ParstagramTests;
			sourceTree = "<group>";
		};
		C13C616625FD627C00B87218 /* ParstagramUITests */ = {
			isa = PBXGroup;
			children = (
				C13C616725FD627C00B87218 /* ParstagramUITests.swift */,
				C13C616925FD627C00B87218 /* Info.plist */,
			);
			path = ParstagramUITests;
			sourceTree = "<group>";
		};
/* End PBXGroup section */

/* Begin PBXNativeTarget section */
		C13C614125FD627900B87218 /* Parstagram */ = {
			isa = PBXNativeTarget;
			buildConfigurationList = C13C616C25FD627C00B87218 /* Build configuration list for PBXNativeTarget "Parstagram" */;
			buildPhases = (
				C5DDEBBEAFBB00CDE07FE7EB /* [CP] Check Pods Manifest.lock */,
				C13C613E25FD627900B87218 /* Sources */,
				C13C613F25FD627900B87218 /* Frameworks */,
				C13C614025FD627900B87218 /* Resources */,
				FF863CA619117C0F0991AAF9 /* [CP] Embed Pods Frameworks */,
			);
			buildRules = (
			);
			dependencies = (
			);
			name = Parstagram;
			productName = Parstagram;
			productReference = C13C614225FD627900B87218 /* Parstagram.app */;
			productType = "com.apple.product-type.application";
		};
		C13C615725FD627C00B87218 /* ParstagramTests */ = {
			isa = PBXNativeTarget;
			buildConfigurationList = C13C616F25FD627C00B87218 /* Build configuration list for PBXNativeTarget "ParstagramTests" */;
			buildPhases = (
				7B37FBCF1F37642A0BD59F10 /* [CP] Check Pods Manifest.lock */,
				C13C615425FD627C00B87218 /* Sources */,
				C13C615525FD627C00B87218 /* Frameworks */,
				C13C615625FD627C00B87218 /* Resources */,
			);
			buildRules = (
			);
			dependencies = (
				C13C615A25FD627C00B87218 /* PBXTargetDependency */,
			);
			name = ParstagramTests;
			productName = ParstagramTests;
			productReference = C13C615825FD627C00B87218 /* ParstagramTests.xctest */;
			productType = "com.apple.product-type.bundle.unit-test";
		};
		C13C616225FD627C00B87218 /* ParstagramUITests */ = {
			isa = PBXNativeTarget;
			buildConfigurationList = C13C617225FD627C00B87218 /* Build configuration list for PBXNativeTarget "ParstagramUITests" */;
			buildPhases = (
				9144385E840CAB31B0F24B29 /* [CP] Check Pods Manifest.lock */,
				C13C615F25FD627C00B87218 /* Sources */,
				C13C616025FD627C00B87218 /* Frameworks */,
				C13C616125FD627C00B87218 /* Resources */,
				871732D3835ADA05DA18ABD4 /* [CP] Embed Pods Frameworks */,
			);
			buildRules = (
			);
			dependencies = (
				C13C616525FD627C00B87218 /* PBXTargetDependency */,
			);
			name = ParstagramUITests;
			productName = ParstagramUITests;
			productReference = C13C616325FD627C00B87218 /* ParstagramUITests.xctest */;
			productType = "com.apple.product-type.bundle.ui-testing";
		};
/* End PBXNativeTarget section */

/* Begin PBXProject section */
		C13C613A25FD627900B87218 /* Project object */ = {
			isa = PBXProject;
			attributes = {
				LastSwiftUpdateCheck = 1230;
				LastUpgradeCheck = 1230;
				TargetAttributes = {
					C13C614125FD627900B87218 = {
						CreatedOnToolsVersion = 12.3;
					};
					C13C615725FD627C00B87218 = {
						CreatedOnToolsVersion = 12.3;
						TestTargetID = C13C614125FD627900B87218;
					};
					C13C616225FD627C00B87218 = {
						CreatedOnToolsVersion = 12.3;
						TestTargetID = C13C614125FD627900B87218;
					};
				};
			};
			buildConfigurationList = C13C613D25FD627900B87218 /* Build configuration list for PBXProject "Parstagram" */;
			compatibilityVersion = "Xcode 9.3";
			developmentRegion = en;
			hasScannedForEncodings = 0;
			knownRegions = (
				en,
				Base,
			);
			mainGroup = C13C613925FD627900B87218;
			productRefGroup = C13C614325FD627900B87218 /* Products */;
			projectDirPath = "";
			projectRoot = "";
			targets = (
				C13C614125FD627900B87218 /* Parstagram */,
				C13C615725FD627C00B87218 /* ParstagramTests */,
				C13C616225FD627C00B87218 /* ParstagramUITests */,
			);
		};
/* End PBXProject section */

/* Begin PBXResourcesBuildPhase section */
		C13C614025FD627900B87218 /* Resources */ = {
			isa = PBXResourcesBuildPhase;
			buildActionMask = 2147483647;
			files = (
				C13C615225FD627B00B87218 /* LaunchScreen.storyboard in Resources */,
				C13C614F25FD627B00B87218 /* Assets.xcassets in Resources */,
				C13C614D25FD627900B87218 /* Main.storyboard in Resources */,
			);
			runOnlyForDeploymentPostprocessing = 0;
		};
		C13C615625FD627C00B87218 /* Resources */ = {
			isa = PBXResourcesBuildPhase;
			buildActionMask = 2147483647;
			files = (
			);
			runOnlyForDeploymentPostprocessing = 0;
		};
		C13C616125FD627C00B87218 /* Resources */ = {
			isa = PBXResourcesBuildPhase;
			buildActionMask = 2147483647;
			files = (
			);
			runOnlyForDeploymentPostprocessing = 0;
		};
/* End PBXResourcesBuildPhase section */

/* Begin PBXShellScriptBuildPhase section */
		7B37FBCF1F37642A0BD59F10 /* [CP] Check Pods Manifest.lock */ = {
			isa = PBXShellScriptBuildPhase;
			buildActionMask = 2147483647;
			files = (
			);
			inputFileListPaths = (
			);
			inputPaths = (
				"${PODS_PODFILE_DIR_PATH}/Podfile.lock",
				"${PODS_ROOT}/Manifest.lock",
			);
			name = "[CP] Check Pods Manifest.lock";
			outputFileListPaths = (
			);
			outputPaths = (
				"$(DERIVED_FILE_DIR)/Pods-ParstagramTests-checkManifestLockResult.txt",
			);
			runOnlyForDeploymentPostprocessing = 0;
			shellPath = /bin/sh;
			shellScript = "diff \"${PODS_PODFILE_DIR_PATH}/Podfile.lock\" \"${PODS_ROOT}/Manifest.lock\" > /dev/null\nif [ $? != 0 ] ; then\n    # print error to STDERR\n    echo \"error: The sandbox is not in sync with the Podfile.lock. Run 'pod install' or update your CocoaPods installation.\" >&2\n    exit 1\nfi\n# This output is used by Xcode 'outputs' to avoid re-running this script phase.\necho \"SUCCESS\" > \"${SCRIPT_OUTPUT_FILE_0}\"\n";
			showEnvVarsInLog = 0;
		};
		871732D3835ADA05DA18ABD4 /* [CP] Embed Pods Frameworks */ = {
			isa = PBXShellScriptBuildPhase;
			buildActionMask = 2147483647;
			files = (
			);
			inputFileListPaths = (
				"${PODS_ROOT}/Target Support Files/Pods-Parstagram-ParstagramUITests/Pods-Parstagram-ParstagramUITests-frameworks-${CONFIGURATION}-input-files.xcfilelist",
			);
			name = "[CP] Embed Pods Frameworks";
			outputFileListPaths = (
				"${PODS_ROOT}/Target Support Files/Pods-Parstagram-ParstagramUITests/Pods-Parstagram-ParstagramUITests-frameworks-${CONFIGURATION}-output-files.xcfilelist",
			);
			runOnlyForDeploymentPostprocessing = 0;
			shellPath = /bin/sh;
			shellScript = "\"${PODS_ROOT}/Target Support Files/Pods-Parstagram-ParstagramUITests/Pods-Parstagram-ParstagramUITests-frameworks.sh\"\n";
			showEnvVarsInLog = 0;
		};
		9144385E840CAB31B0F24B29 /* [CP] Check Pods Manifest.lock */ = {
			isa = PBXShellScriptBuildPhase;
			buildActionMask = 2147483647;
			files = (
			);
			inputFileListPaths = (
			);
			inputPaths = (
				"${PODS_PODFILE_DIR_PATH}/Podfile.lock",
				"${PODS_ROOT}/Manifest.lock",
			);
			name = "[CP] Check Pods Manifest.lock";
			outputFileListPaths = (
			);
			outputPaths = (
				"$(DERIVED_FILE_DIR)/Pods-Parstagram-ParstagramUITests-checkManifestLockResult.txt",
			);
			runOnlyForDeploymentPostprocessing = 0;
			shellPath = /bin/sh;
			shellScript = "diff \"${PODS_PODFILE_DIR_PATH}/Podfile.lock\" \"${PODS_ROOT}/Manifest.lock\" > /dev/null\nif [ $? != 0 ] ; then\n    # print error to STDERR\n    echo \"error: The sandbox is not in sync with the Podfile.lock. Run 'pod install' or update your CocoaPods installation.\" >&2\n    exit 1\nfi\n# This output is used by Xcode 'outputs' to avoid re-running this script phase.\necho \"SUCCESS\" > \"${SCRIPT_OUTPUT_FILE_0}\"\n";
			showEnvVarsInLog = 0;
		};
		C5DDEBBEAFBB00CDE07FE7EB /* [CP] Check Pods Manifest.lock */ = {
			isa = PBXShellScriptBuildPhase;
			buildActionMask = 2147483647;
			files = (
			);
			inputFileListPaths = (
			);
			inputPaths = (
				"${PODS_PODFILE_DIR_PATH}/Podfile.lock",
				"${PODS_ROOT}/Manifest.lock",
			);
			name = "[CP] Check Pods Manifest.lock";
			outputFileListPaths = (
			);
			outputPaths = (
				"$(DERIVED_FILE_DIR)/Pods-Parstagram-checkManifestLockResult.txt",
			);
			runOnlyForDeploymentPostprocessing = 0;
			shellPath = /bin/sh;
			shellScript = "diff \"${PODS_PODFILE_DIR_PATH}/Podfile.lock\" \"${PODS_ROOT}/Manifest.lock\" > /dev/null\nif [ $? != 0 ] ; then\n    # print error to STDERR\n    echo \"error: The sandbox is not in sync with the Podfile.lock. Run 'pod install' or update your CocoaPods installation.\" >&2\n    exit 1\nfi\n# This output is used by Xcode 'outputs' to avoid re-running this script phase.\necho \"SUCCESS\" > \"${SCRIPT_OUTPUT_FILE_0}\"\n";
			showEnvVarsInLog = 0;
		};
		FF863CA619117C0F0991AAF9 /* [CP] Embed Pods Frameworks */ = {
			isa = PBXShellScriptBuildPhase;
			buildActionMask = 2147483647;
			files = (
			);
			inputFileListPaths = (
				"${PODS_ROOT}/Target Support Files/Pods-Parstagram/Pods-Parstagram-frameworks-${CONFIGURATION}-input-files.xcfilelist",
			);
			name = "[CP] Embed Pods Frameworks";
			outputFileListPaths = (
				"${PODS_ROOT}/Target Support Files/Pods-Parstagram/Pods-Parstagram-frameworks-${CONFIGURATION}-output-files.xcfilelist",
			);
			runOnlyForDeploymentPostprocessing = 0;
			shellPath = /bin/sh;
			shellScript = "\"${PODS_ROOT}/Target Support Files/Pods-Parstagram/Pods-Parstagram-frameworks.sh\"\n";
			showEnvVarsInLog = 0;
		};
/* End PBXShellScriptBuildPhase section */

/* Begin PBXSourcesBuildPhase section */
		C13C613E25FD627900B87218 /* Sources */ = {
			isa = PBXSourcesBuildPhase;
			buildActionMask = 2147483647;
			files = (
				C13C618525FD68E900B87218 /* LoginViewController.swift in Sources */,
				C19C9DC62602B68300101171 /* CameraViewController.swift in Sources */,
				C13C614625FD627900B87218 /* AppDelegate.swift in Sources */,
				C13C618A25FD690400B87218 /* FeedViewController.swift in Sources */,
				C13C614825FD627900B87218 /* SceneDelegate.swift in Sources */,
				C1850B412603DAAD00CADD50 /* PostCell.swift in Sources */,
				C1187E842610280E0043840E /* CommentCell.swift in Sources */,
			);
			runOnlyForDeploymentPostprocessing = 0;
		};
		C13C615425FD627C00B87218 /* Sources */ = {
			isa = PBXSourcesBuildPhase;
			buildActionMask = 2147483647;
			files = (
				C13C615D25FD627C00B87218 /* ParstagramTests.swift in Sources */,
			);
			runOnlyForDeploymentPostprocessing = 0;
		};
		C13C615F25FD627C00B87218 /* Sources */ = {
			isa = PBXSourcesBuildPhase;
			buildActionMask = 2147483647;
			files = (
				C13C616825FD627C00B87218 /* ParstagramUITests.swift in Sources */,
			);
			runOnlyForDeploymentPostprocessing = 0;
		};
/* End PBXSourcesBuildPhase section */

/* Begin PBXTargetDependency section */
		C13C615A25FD627C00B87218 /* PBXTargetDependency */ = {
			isa = PBXTargetDependency;
			target = C13C614125FD627900B87218 /* Parstagram */;
			targetProxy = C13C615925FD627C00B87218 /* PBXContainerItemProxy */;
		};
		C13C616525FD627C00B87218 /* PBXTargetDependency */ = {
			isa = PBXTargetDependency;
			target = C13C614125FD627900B87218 /* Parstagram */;
			targetProxy = C13C616425FD627C00B87218 /* PBXContainerItemProxy */;
		};
/* End PBXTargetDependency section */

/* Begin PBXVariantGroup section */
		C13C614B25FD627900B87218 /* Main.storyboard */ = {
			isa = PBXVariantGroup;
			children = (
				C13C614C25FD627900B87218 /* Base */,
			);
			name = Main.storyboard;
			sourceTree = "<group>";
		};
		C13C615025FD627B00B87218 /* LaunchScreen.storyboard */ = {
			isa = PBXVariantGroup;
			children = (
				C13C615125FD627B00B87218 /* Base */,
			);
			name = LaunchScreen.storyboard;
			sourceTree = "<group>";
		};
/* End PBXVariantGroup section */

/* Begin XCBuildConfiguration section */
		C13C616A25FD627C00B87218 /* Debug */ = {
			isa = XCBuildConfiguration;
			buildSettings = {
				ALWAYS_SEARCH_USER_PATHS = NO;
				CLANG_ANALYZER_NONNULL = YES;
				CLANG_ANALYZER_NUMBER_OBJECT_CONVERSION = YES_AGGRESSIVE;
				CLANG_CXX_LANGUAGE_STANDARD = "gnu++14";
				CLANG_CXX_LIBRARY = "libc++";
				CLANG_ENABLE_MODULES = YES;
				CLANG_ENABLE_OBJC_ARC = YES;
				CLANG_ENABLE_OBJC_WEAK = YES;
				CLANG_WARN_BLOCK_CAPTURE_AUTORELEASING = YES;
				CLANG_WARN_BOOL_CONVERSION = YES;
				CLANG_WARN_COMMA = YES;
				CLANG_WARN_CONSTANT_CONVERSION = YES;
				CLANG_WARN_DEPRECATED_OBJC_IMPLEMENTATIONS = YES;
				CLANG_WARN_DIRECT_OBJC_ISA_USAGE = YES_ERROR;
				CLANG_WARN_DOCUMENTATION_COMMENTS = YES;
				CLANG_WARN_EMPTY_BODY = YES;
				CLANG_WARN_ENUM_CONVERSION = YES;
				CLANG_WARN_INFINITE_RECURSION = YES;
				CLANG_WARN_INT_CONVERSION = YES;
				CLANG_WARN_NON_LITERAL_NULL_CONVERSION = YES;
				CLANG_WARN_OBJC_IMPLICIT_RETAIN_SELF = YES;
				CLANG_WARN_OBJC_LITERAL_CONVERSION = YES;
				CLANG_WARN_OBJC_ROOT_CLASS = YES_ERROR;
				CLANG_WARN_QUOTED_INCLUDE_IN_FRAMEWORK_HEADER = YES;
				CLANG_WARN_RANGE_LOOP_ANALYSIS = YES;
				CLANG_WARN_STRICT_PROTOTYPES = YES;
				CLANG_WARN_SUSPICIOUS_MOVE = YES;
				CLANG_WARN_UNGUARDED_AVAILABILITY = YES_AGGRESSIVE;
				CLANG_WARN_UNREACHABLE_CODE = YES;
				CLANG_WARN__DUPLICATE_METHOD_MATCH = YES;
				COPY_PHASE_STRIP = NO;
				DEBUG_INFORMATION_FORMAT = dwarf;
				ENABLE_STRICT_OBJC_MSGSEND = YES;
				ENABLE_TESTABILITY = YES;
				GCC_C_LANGUAGE_STANDARD = gnu11;
				GCC_DYNAMIC_NO_PIC = NO;
				GCC_NO_COMMON_BLOCKS = YES;
				GCC_OPTIMIZATION_LEVEL = 0;
				GCC_PREPROCESSOR_DEFINITIONS = (
					"DEBUG=1",
					"$(inherited)",
				);
				GCC_WARN_64_TO_32_BIT_CONVERSION = YES;
				GCC_WARN_ABOUT_RETURN_TYPE = YES_ERROR;
				GCC_WARN_UNDECLARED_SELECTOR = YES;
				GCC_WARN_UNINITIALIZED_AUTOS = YES_AGGRESSIVE;
				GCC_WARN_UNUSED_FUNCTION = YES;
				GCC_WARN_UNUSED_VARIABLE = YES;
				IPHONEOS_DEPLOYMENT_TARGET = 14.3;
				MTL_ENABLE_DEBUG_INFO = INCLUDE_SOURCE;
				MTL_FAST_MATH = YES;
				ONLY_ACTIVE_ARCH = YES;
				SDKROOT = iphoneos;
				SWIFT_ACTIVE_COMPILATION_CONDITIONS = DEBUG;
				SWIFT_OPTIMIZATION_LEVEL = "-Onone";
			};
			name = Debug;
		};
		C13C616B25FD627C00B87218 /* Release */ = {
			isa = XCBuildConfiguration;
			buildSettings = {
				ALWAYS_SEARCH_USER_PATHS = NO;
				CLANG_ANALYZER_NONNULL = YES;
				CLANG_ANALYZER_NUMBER_OBJECT_CONVERSION = YES_AGGRESSIVE;
				CLANG_CXX_LANGUAGE_STANDARD = "gnu++14";
				CLANG_CXX_LIBRARY = "libc++";
				CLANG_ENABLE_MODULES = YES;
				CLANG_ENABLE_OBJC_ARC = YES;
				CLANG_ENABLE_OBJC_WEAK = YES;
				CLANG_WARN_BLOCK_CAPTURE_AUTORELEASING = YES;
				CLANG_WARN_BOOL_CONVERSION = YES;
				CLANG_WARN_COMMA = YES;
				CLANG_WARN_CONSTANT_CONVERSION = YES;
				CLANG_WARN_DEPRECATED_OBJC_IMPLEMENTATIONS = YES;
				CLANG_WARN_DIRECT_OBJC_ISA_USAGE = YES_ERROR;
				CLANG_WARN_DOCUMENTATION_COMMENTS = YES;
				CLANG_WARN_EMPTY_BODY = YES;
				CLANG_WARN_ENUM_CONVERSION = YES;
				CLANG_WARN_INFINITE_RECURSION = YES;
				CLANG_WARN_INT_CONVERSION = YES;
				CLANG_WARN_NON_LITERAL_NULL_CONVERSION = YES;
				CLANG_WARN_OBJC_IMPLICIT_RETAIN_SELF = YES;
				CLANG_WARN_OBJC_LITERAL_CONVERSION = YES;
				CLANG_WARN_OBJC_ROOT_CLASS = YES_ERROR;
				CLANG_WARN_QUOTED_INCLUDE_IN_FRAMEWORK_HEADER = YES;
				CLANG_WARN_RANGE_LOOP_ANALYSIS = YES;
				CLANG_WARN_STRICT_PROTOTYPES = YES;
				CLANG_WARN_SUSPICIOUS_MOVE = YES;
				CLANG_WARN_UNGUARDED_AVAILABILITY = YES_AGGRESSIVE;
				CLANG_WARN_UNREACHABLE_CODE = YES;
				CLANG_WARN__DUPLICATE_METHOD_MATCH = YES;
				COPY_PHASE_STRIP = NO;
				DEBUG_INFORMATION_FORMAT = "dwarf-with-dsym";
				ENABLE_NS_ASSERTIONS = NO;
				ENABLE_STRICT_OBJC_MSGSEND = YES;
				GCC_C_LANGUAGE_STANDARD = gnu11;
				GCC_NO_COMMON_BLOCKS = YES;
				GCC_WARN_64_TO_32_BIT_CONVERSION = YES;
				GCC_WARN_ABOUT_RETURN_TYPE = YES_ERROR;
				GCC_WARN_UNDECLARED_SELECTOR = YES;
				GCC_WARN_UNINITIALIZED_AUTOS = YES_AGGRESSIVE;
				GCC_WARN_UNUSED_FUNCTION = YES;
				GCC_WARN_UNUSED_VARIABLE = YES;
				IPHONEOS_DEPLOYMENT_TARGET = 14.3;
				MTL_ENABLE_DEBUG_INFO = NO;
				MTL_FAST_MATH = YES;
				SDKROOT = iphoneos;
				SWIFT_COMPILATION_MODE = wholemodule;
				SWIFT_OPTIMIZATION_LEVEL = "-O";
				VALIDATE_PRODUCT = YES;
			};
			name = Release;
		};
		C13C616D25FD627C00B87218 /* Debug */ = {
			isa = XCBuildConfiguration;
			baseConfigurationReference = C648BEF9668C0506B6235864 /* Pods-Parstagram.debug.xcconfig */;
			buildSettings = {
				ASSETCATALOG_COMPILER_APPICON_NAME = AppIcon;
				ASSETCATALOG_COMPILER_GLOBAL_ACCENT_COLOR_NAME = AccentColor;
				CODE_SIGN_STYLE = Automatic;
				INFOPLIST_FILE = Parstagram/Info.plist;
				LD_RUNPATH_SEARCH_PATHS = (
					"$(inherited)",
					"@executable_path/Frameworks",
				);
				PRODUCT_BUNDLE_IDENTIFIER = MelaineSit.Parstagram;
				PRODUCT_NAME = "$(TARGET_NAME)";
				SWIFT_VERSION = 5.0;
				TARGETED_DEVICE_FAMILY = "1,2";
			};
			name = Debug;
		};
		C13C616E25FD627C00B87218 /* Release */ = {
			isa = XCBuildConfiguration;
			baseConfigurationReference = A38F4A9F935FEFCCC863F1FC /* Pods-Parstagram.release.xcconfig */;
			buildSettings = {
				ASSETCATALOG_COMPILER_APPICON_NAME = AppIcon;
				ASSETCATALOG_COMPILER_GLOBAL_ACCENT_COLOR_NAME = AccentColor;
				CODE_SIGN_STYLE = Automatic;
				INFOPLIST_FILE = Parstagram/Info.plist;
				LD_RUNPATH_SEARCH_PATHS = (
					"$(inherited)",
					"@executable_path/Frameworks",
				);
				PRODUCT_BUNDLE_IDENTIFIER = MelaineSit.Parstagram;
				PRODUCT_NAME = "$(TARGET_NAME)";
				SWIFT_VERSION = 5.0;
				TARGETED_DEVICE_FAMILY = "1,2";
			};
			name = Release;
		};
		C13C617025FD627C00B87218 /* Debug */ = {
			isa = XCBuildConfiguration;
			baseConfigurationReference = A0CB8806A4CA3B1E6F1BA03A /* Pods-ParstagramTests.debug.xcconfig */;
			buildSettings = {
				ALWAYS_EMBED_SWIFT_STANDARD_LIBRARIES = YES;
				BUNDLE_LOADER = "$(TEST_HOST)";
				CODE_SIGN_STYLE = Automatic;
				INFOPLIST_FILE = ParstagramTests/Info.plist;
				IPHONEOS_DEPLOYMENT_TARGET = 14.3;
				LD_RUNPATH_SEARCH_PATHS = (
					"$(inherited)",
					"@executable_path/Frameworks",
					"@loader_path/Frameworks",
				);
				PRODUCT_BUNDLE_IDENTIFIER = MelaineSit.ParstagramTests;
				PRODUCT_NAME = "$(TARGET_NAME)";
				SWIFT_VERSION = 5.0;
				TARGETED_DEVICE_FAMILY = "1,2";
				TEST_HOST = "$(BUILT_PRODUCTS_DIR)/Parstagram.app/Parstagram";
			};
			name = Debug;
		};
		C13C617125FD627C00B87218 /* Release */ = {
			isa = XCBuildConfiguration;
			baseConfigurationReference = 83F9A90CE7C1C377EA751EEE /* Pods-ParstagramTests.release.xcconfig */;
			buildSettings = {
				ALWAYS_EMBED_SWIFT_STANDARD_LIBRARIES = YES;
				BUNDLE_LOADER = "$(TEST_HOST)";
				CODE_SIGN_STYLE = Automatic;
				INFOPLIST_FILE = ParstagramTests/Info.plist;
				IPHONEOS_DEPLOYMENT_TARGET = 14.3;
				LD_RUNPATH_SEARCH_PATHS = (
					"$(inherited)",
					"@executable_path/Frameworks",
					"@loader_path/Frameworks",
				);
				PRODUCT_BUNDLE_IDENTIFIER = MelaineSit.ParstagramTests;
				PRODUCT_NAME = "$(TARGET_NAME)";
				SWIFT_VERSION = 5.0;
				TARGETED_DEVICE_FAMILY = "1,2";
				TEST_HOST = "$(BUILT_PRODUCTS_DIR)/Parstagram.app/Parstagram";
			};
			name = Release;
		};
		C13C617325FD627C00B87218 /* Debug */ = {
			isa = XCBuildConfiguration;
			baseConfigurationReference = 8454EC27A7A8E764229C25AD /* Pods-Parstagram-ParstagramUITests.debug.xcconfig */;
			buildSettings = {
				ALWAYS_EMBED_SWIFT_STANDARD_LIBRARIES = YES;
				CODE_SIGN_STYLE = Automatic;
				INFOPLIST_FILE = ParstagramUITests/Info.plist;
				LD_RUNPATH_SEARCH_PATHS = (
					"$(inherited)",
					"@executable_path/Frameworks",
					"@loader_path/Frameworks",
				);
				PRODUCT_BUNDLE_IDENTIFIER = MelaineSit.ParstagramUITests;
				PRODUCT_NAME = "$(TARGET_NAME)";
				SWIFT_VERSION = 5.0;
				TARGETED_DEVICE_FAMILY = "1,2";
				TEST_TARGET_NAME = Parstagram;
			};
			name = Debug;
		};
		C13C617425FD627C00B87218 /* Release */ = {
			isa = XCBuildConfiguration;
			baseConfigurationReference = DB77F532A07234C767327376 /* Pods-Parstagram-ParstagramUITests.release.xcconfig */;
			buildSettings = {
				ALWAYS_EMBED_SWIFT_STANDARD_LIBRARIES = YES;
				CODE_SIGN_STYLE = Automatic;
				INFOPLIST_FILE = ParstagramUITests/Info.plist;
				LD_RUNPATH_SEARCH_PATHS = (
					"$(inherited)",
					"@executable_path/Frameworks",
					"@loader_path/Frameworks",
				);
				PRODUCT_BUNDLE_IDENTIFIER = MelaineSit.ParstagramUITests;
				PRODUCT_NAME = "$(TARGET_NAME)";
				SWIFT_VERSION = 5.0;
				TARGETED_DEVICE_FAMILY = "1,2";
				TEST_TARGET_NAME = Parstagram;
			};
			name = Release;
		};
/* End XCBuildConfiguration section */

/* Begin XCConfigurationList section */
		C13C613D25FD627900B87218 /* Build configuration list for PBXProject "Parstagram" */ = {
			isa = XCConfigurationList;
			buildConfigurations = (
				C13C616A25FD627C00B87218 /* Debug */,
				C13C616B25FD627C00B87218 /* Release */,
			);
			defaultConfigurationIsVisible = 0;
			defaultConfigurationName = Release;
		};
		C13C616C25FD627C00B87218 /* Build configuration list for PBXNativeTarget "Parstagram" */ = {
			isa = XCConfigurationList;
			buildConfigurations = (
				C13C616D25FD627C00B87218 /* Debug */,
				C13C616E25FD627C00B87218 /* Release */,
			);
			defaultConfigurationIsVisible = 0;
			defaultConfigurationName = Release;
		};
		C13C616F25FD627C00B87218 /* Build configuration list for PBXNativeTarget "ParstagramTests" */ = {
			isa = XCConfigurationList;
			buildConfigurations = (
				C13C617025FD627C00B87218 /* Debug */,
				C13C617125FD627C00B87218 /* Release */,
			);
			defaultConfigurationIsVisible = 0;
			defaultConfigurationName = Release;
		};
		C13C617225FD627C00B87218 /* Build configuration list for PBXNativeTarget "ParstagramUITests" */ = {
			isa = XCConfigurationList;
			buildConfigurations = (
				C13C617325FD627C00B87218 /* Debug */,
				C13C617425FD627C00B87218 /* Release */,
			);
			defaultConfigurationIsVisible = 0;
			defaultConfigurationName = Release;
		};
/* End XCConfigurationList section */
	};
	rootObject = C13C613A25FD627900B87218 /* Project object */;
}
